
Microsoft Visual Studio Solution File, Format Version 12.00
# Visual Studio 15
VisualStudioVersion = 15.0.28307.1169
MinimumVisualStudioVersion = 10.0.40219.1
Project("{8BC9CEB8-8B4A-11D0-8D11-00A0C91BC942}") = "pcmplayer", "pcmplayer.vcxproj", "{C34E10AB-A6B2-4AA1-AF4C-1B64BB5B4FC3}"
EndProject
Global
	GlobalSection(SolutionConfigurationPlatforms) = preSolution
		Debug|x64 = Debug|x64
		Debug|x86 = Debug|x86
		Release|x64 = Release|x64
		Release|x86 = Release|x86
	EndGlobalSection
	GlobalSection(ProjectConfigurationPlatforms) = postSolution
		{C34E10AB-A6B2-4AA1-AF4C-1B64BB5B4FC3}.Debug|x64.ActiveCfg = Debug|x64
		{C34E10AB-A6B2-4AA1-AF4C-1B64BB5B4FC3}.Debug|x64.Build.0 = Debug|x64
		{C34E10AB-A6B2-4AA1-AF4C-1B64BB5B4FC3}.Debug|x86.ActiveCfg = Debug|Win32
		{C34E10AB-A6B2-4AA1-AF4C-1B64BB5B4FC3}.Debug|x86.Build.0 = Debug|Win32
		{C34E10AB-A6B2-4AA1-AF4C-1B64BB5B4FC3}.Release|x64.ActiveCfg = Release|x64
		{C34E10AB-A6B2-4AA1-AF4C-1B64BB5B4FC3}.Release|x64.Build.0 = Release|x64
		{C34E10AB-A6B2-4AA1-AF4C-1B64BB5B4FC3}.Release|x86.ActiveCfg = Release|Win32
		{C34E10AB-A6B2-4AA1-AF4C-1B64BB5B4FC3}.Release|x86.Build.0 = Release|Win32
	EndGlobalSection
	GlobalSection(SolutionProperties) = preSolution
		HideSolutionNode = FALSE
	EndGlobalSection
	GlobalSection(ExtensibilityGlobals) = postSolution
		SolutionGuid = {214316AB-5A36-472A-BC35-7DF86064B9B5}
	EndGlobalSection
EndGlobal
